
Microsoft Visual Studio Solution File, Format Version 12.00
# Visual Studio Version 16
VisualStudioVersion = 16.0.31205.134
MinimumVisualStudioVersion = 10.0.40219.1
Project("{FAE04EC0-301F-11D3-BF4B-00C04F79EFBC}") = "quarto", "quarto\quarto.csproj", "{FC014FDE-A013-4176-AFE7-FA784F293B59}"
EndProject
Global
	GlobalSection(SolutionConfigurationPlatforms) = preSolution
		Debug|Any CPU = Debug|Any CPU
		Release|Any CPU = Release|Any CPU
	EndGlobalSection
	GlobalSection(ProjectConfigurationPlatforms) = postSolution
		{FC014FDE-A013-4176-AFE7-FA784F293B59}.Debug|Any CPU.ActiveCfg = Debug|Any CPU
		{FC014FDE-A013-4176-AFE7-FA784F293B59}.Debug|Any CPU.Build.0 = Debug|Any CPU
		{FC014FDE-A013-4176-AFE7-FA784F293B59}.Release|Any CPU.ActiveCfg = Release|Any CPU
		{FC014FDE-A013-4176-AFE7-FA784F293B59}.Release|Any CPU.Build.0 = Release|Any CPU
	EndGlobalSection
	GlobalSection(SolutionProperties) = preSolution
		HideSolutionNode = FALSE
	EndGlobalSection
	GlobalSection(ExtensibilityGlobals) = postSolution
		SolutionGuid = {5276DD6D-F745-457C-A99C-C0CB26206F56}
	EndGlobalSection
EndGlobal
